
Microsoft Visual Studio Solution File, Format Version 12.00
# Visual Studio Version 16
VisualStudioVersion = 16.0.29613.14
MinimumVisualStudioVersion = 10.0.40219.1
Project("{2150E333-8FDC-42A3-9474-1A3956D46DE8}") = "Components", "Components", "{8FC2D0AD-10F8-4D2E-AD33-08E3E7616849}"
EndProject
Project("{2150E333-8FDC-42A3-9474-1A3956D46DE8}") = "Api", "Api", "{4A899E53-A923-4538-88EE-7211253D0712}"
EndProject
Project("{2150E333-8FDC-42A3-9474-1A3956D46DE8}") = "Tests", "Tests", "{865ACD6E-84EE-45AC-8015-68DD71B72A57}"
EndProject
Project("{9A19103F-16F7-4668-BE54-9A1E7A4F7556}") = "TransactionManager.Api", "TransactionManager.Api\TransactionManager.Api.csproj", "{482D33BF-6780-4DED-8E73-B8F1BC334A04}"
EndProject
Project("{9A19103F-16F7-4668-BE54-9A1E7A4F7556}") = "TransactionManager.Components", "TransactionManager.Components\TransactionManager.Components.csproj", "{49C95B2F-42BC-4E5F-A32D-58DA02E53AC6}"
EndProject
Project("{9A19103F-16F7-4668-BE54-9A1E7A4F7556}") = "TransactionManager.Tests.Unit", "TransactionManager.Tests.Unit\TransactionManager.Tests.Unit.csproj", "{3D0563A7-F4EF-43C5-875E-5184D770E81B}"
EndProject
Project("{2150E333-8FDC-42A3-9474-1A3956D46DE8}") = "DAL", "DAL", "{8711EF12-E91E-42FA-BF30-FD3B4FC50D80}"
EndProject
Project("{9A19103F-16F7-4668-BE54-9A1E7A4F7556}") = "TransactionManager.DAL", "TransactionManager.DAL\TransactionManager.DAL.csproj", "{5EC6A323-A417-46BF-9B36-E4E702973A0F}"
EndProject
Global
	GlobalSection(SolutionConfigurationPlatforms) = preSolution
		Debug|Any CPU = Debug|Any CPU
		Debug|ARM = Debug|ARM
		Debug|ARM64 = Debug|ARM64
		Debug|x64 = Debug|x64
		Debug|x86 = Debug|x86
		Release|Any CPU = Release|Any CPU
		Release|ARM = Release|ARM
		Release|ARM64 = Release|ARM64
		Release|x64 = Release|x64
		Release|x86 = Release|x86
	EndGlobalSection
	GlobalSection(ProjectConfigurationPlatforms) = postSolution
		{482D33BF-6780-4DED-8E73-B8F1BC334A04}.Debug|Any CPU.ActiveCfg = Debug|Any CPU
		{482D33BF-6780-4DED-8E73-B8F1BC334A04}.Debug|Any CPU.Build.0 = Debug|Any CPU
		{482D33BF-6780-4DED-8E73-B8F1BC334A04}.Debug|ARM.ActiveCfg = Debug|Any CPU
		{482D33BF-6780-4DED-8E73-B8F1BC334A04}.Debug|ARM.Build.0 = Debug|Any CPU
		{482D33BF-6780-4DED-8E73-B8F1BC334A04}.Debug|ARM64.ActiveCfg = Debug|Any CPU
		{482D33BF-6780-4DED-8E73-B8F1BC334A04}.Debug|ARM64.Build.0 = Debug|Any CPU
		{482D33BF-6780-4DED-8E73-B8F1BC334A04}.Debug|x64.ActiveCfg = Debug|Any CPU
		{482D33BF-6780-4DED-8E73-B8F1BC334A04}.Debug|x64.Build.0 = Debug|Any CPU
		{482D33BF-6780-4DED-8E73-B8F1BC334A04}.Debug|x86.ActiveCfg = Debug|Any CPU
		{482D33BF-6780-4DED-8E73-B8F1BC334A04}.Debug|x86.Build.0 = Debug|Any CPU
		{482D33BF-6780-4DED-8E73-B8F1BC334A04}.Release|Any CPU.ActiveCfg = Release|Any CPU
		{482D33BF-6780-4DED-8E73-B8F1BC334A04}.Release|Any CPU.Build.0 = Release|Any CPU
		{482D33BF-6780-4DED-8E73-B8F1BC334A04}.Release|ARM.ActiveCfg = Release|Any CPU
		{482D33BF-6780-4DED-8E73-B8F1BC334A04}.Release|ARM.Build.0 = Release|Any CPU
		{482D33BF-6780-4DED-8E73-B8F1BC334A04}.Release|ARM64.ActiveCfg = Release|Any CPU
		{482D33BF-6780-4DED-8E73-B8F1BC334A04}.Release|ARM64.Build.0 = Release|Any CPU
		{482D33BF-6780-4DED-8E73-B8F1BC334A04}.Release|x64.ActiveCfg = Release|Any CPU
		{482D33BF-6780-4DED-8E73-B8F1BC334A04}.Release|x64.Build.0 = Release|Any CPU
		{482D33BF-6780-4DED-8E73-B8F1BC334A04}.Release|x86.ActiveCfg = Release|Any CPU
		{482D33BF-6780-4DED-8E73-B8F1BC334A04}.Release|x86.Build.0 = Release|Any CPU
		{49C95B2F-42BC-4E5F-A32D-58DA02E53AC6}.Debug|Any CPU.ActiveCfg = Debug|Any CPU
		{49C95B2F-42BC-4E5F-A32D-58DA02E53AC6}.Debug|Any CPU.Build.0 = Debug|Any CPU
		{49C95B2F-42BC-4E5F-A32D-58DA02E53AC6}.Debug|ARM.ActiveCfg = Debug|Any CPU
		{49C95B2F-42BC-4E5F-A32D-58DA02E53AC6}.Debug|ARM.Build.0 = Debug|Any CPU
		{49C95B2F-42BC-4E5F-A32D-58DA02E53AC6}.Debug|ARM64.ActiveCfg = Debug|Any CPU
		{49C95B2F-42BC-4E5F-A32D-58DA02E53AC6}.Debug|ARM64.Build.0 = Debug|Any CPU
		{49C95B2F-42BC-4E5F-A32D-58DA02E53AC6}.Debug|x64.ActiveCfg = Debug|Any CPU
		{49C95B2F-42BC-4E5F-A32D-58DA02E53AC6}.Debug|x64.Build.0 = Debug|Any CPU
		{49C95B2F-42BC-4E5F-A32D-58DA02E53AC6}.Debug|x86.ActiveCfg = Debug|Any CPU
		{49C95B2F-42BC-4E5F-A32D-58DA02E53AC6}.Debug|x86.Build.0 = Debug|Any CPU
		{49C95B2F-42BC-4E5F-A32D-58DA02E53AC6}.Release|Any CPU.ActiveCfg = Release|Any CPU
		{49C95B2F-42BC-4E5F-A32D-58DA02E53AC6}.Release|Any CPU.Build.0 = Release|Any CPU
		{49C95B2F-42BC-4E5F-A32D-58DA02E53AC6}.Release|ARM.ActiveCfg = Release|Any CPU
		{49C95B2F-42BC-4E5F-A32D-58DA02E53AC6}.Release|ARM.Build.0 = Release|Any CPU
		{49C95B2F-42BC-4E5F-A32D-58DA02E53AC6}.Release|ARM64.ActiveCfg = Release|Any CPU
		{49C95B2F-42BC-4E5F-A32D-58DA02E53AC6}.Release|ARM64.Build.0 = Release|Any CPU
		{49C95B2F-42BC-4E5F-A32D-58DA02E53AC6}.Release|x64.ActiveCfg = Release|Any CPU
		{49C95B2F-42BC-4E5F-A32D-58DA02E53AC6}.Release|x64.Build.0 = Release|Any CPU
		{49C95B2F-42BC-4E5F-A32D-58DA02E53AC6}.Release|x86.ActiveCfg = Release|Any CPU
		{49C95B2F-42BC-4E5F-A32D-58DA02E53AC6}.Release|x86.Build.0 = Release|Any CPU
		{3D0563A7-F4EF-43C5-875E-5184D770E81B}.Debug|Any CPU.ActiveCfg = Debug|Any CPU
		{3D0563A7-F4EF-43C5-875E-5184D770E81B}.Debug|Any CPU.Build.0 = Debug|Any CPU
		{3D0563A7-F4EF-43C5-875E-5184D770E81B}.Debug|ARM.ActiveCfg = Debug|Any CPU
		{3D0563A7-F4EF-43C5-875E-5184D770E81B}.Debug|ARM.Build.0 = Debug|Any CPU
		{3D0563A7-F4EF-43C5-875E-5184D770E81B}.Debug|ARM64.ActiveCfg = Debug|Any CPU
		{3D0563A7-F4EF-43C5-875E-5184D770E81B}.Debug|ARM64.Build.0 = Debug|Any CPU
		{3D0563A7-F4EF-43C5-875E-5184D770E81B}.Debug|x64.ActiveCfg = Debug|Any CPU
		{3D0563A7-F4EF-43C5-875E-5184D770E81B}.Debug|x64.Build.0 = Debug|Any CPU
		{3D0563A7-F4EF-43C5-875E-5184D770E81B}.Debug|x86.ActiveCfg = Debug|Any CPU
		{3D0563A7-F4EF-43C5-875E-5184D770E81B}.Debug|x86.Build.0 = Debug|Any CPU
		{3D0563A7-F4EF-43C5-875E-5184D770E81B}.Release|Any CPU.ActiveCfg = Release|Any CPU
		{3D0563A7-F4EF-43C5-875E-5184D770E81B}.Release|Any CPU.Build.0 = Release|Any CPU
		{3D0563A7-F4EF-43C5-875E-5184D770E81B}.Release|ARM.ActiveCfg = Release|Any CPU
		{3D0563A7-F4EF-43C5-875E-5184D770E81B}.Release|ARM.Build.0 = Release|Any CPU
		{3D0563A7-F4EF-43C5-875E-5184D770E81B}.Release|ARM64.ActiveCfg = Release|Any CPU
		{3D0563A7-F4EF-43C5-875E-5184D770E81B}.Release|ARM64.Build.0 = Release|Any CPU
		{3D0563A7-F4EF-43C5-875E-5184D770E81B}.Release|x64.ActiveCfg = Release|Any CPU
		{3D0563A7-F4EF-43C5-875E-5184D770E81B}.Release|x64.Build.0 = Release|Any CPU
		{3D0563A7-F4EF-43C5-875E-5184D770E81B}.Release|x86.ActiveCfg = Release|Any CPU
		{3D0563A7-F4EF-43C5-875E-5184D770E81B}.Release|x86.Build.0 = Release|Any CPU
		{5EC6A323-A417-46BF-9B36-E4E702973A0F}.Debug|Any CPU.ActiveCfg = Debug|Any CPU
		{5EC6A323-A417-46BF-9B36-E4E702973A0F}.Debug|Any CPU.Build.0 = Debug|Any CPU
		{5EC6A323-A417-46BF-9B36-E4E702973A0F}.Debug|ARM.ActiveCfg = Debug|Any CPU
		{5EC6A323-A417-46BF-9B36-E4E702973A0F}.Debug|ARM.Build.0 = Debug|Any CPU
		{5EC6A323-A417-46BF-9B36-E4E702973A0F}.Debug|ARM64.ActiveCfg = Debug|Any CPU
		{5EC6A323-A417-46BF-9B36-E4E702973A0F}.Debug|ARM64.Build.0 = Debug|Any CPU
		{5EC6A323-A417-46BF-9B36-E4E702973A0F}.Debug|x64.ActiveCfg = Debug|Any CPU
		{5EC6A323-A417-46BF-9B36-E4E702973A0F}.Debug|x64.Build.0 = Debug|Any CPU
		{5EC6A323-A417-46BF-9B36-E4E702973A0F}.Debug|x86.ActiveCfg = Debug|Any CPU
		{5EC6A323-A417-46BF-9B36-E4E702973A0F}.Debug|x86.Build.0 = Debug|Any CPU
		{5EC6A323-A417-46BF-9B36-E4E702973A0F}.Release|Any CPU.ActiveCfg = Release|Any CPU
		{5EC6A323-A417-46BF-9B36-E4E702973A0F}.Release|Any CPU.Build.0 = Release|Any CPU
		{5EC6A323-A417-46BF-9B36-E4E702973A0F}.Release|ARM.ActiveCfg = Release|Any CPU
		{5EC6A323-A417-46BF-9B36-E4E702973A0F}.Release|ARM.Build.0 = Release|Any CPU
		{5EC6A323-A417-46BF-9B36-E4E702973A0F}.Release|ARM64.ActiveCfg = Release|Any CPU
		{5EC6A323-A417-46BF-9B36-E4E702973A0F}.Release|ARM64.Build.0 = Release|Any CPU
		{5EC6A323-A417-46BF-9B36-E4E702973A0F}.Release|x64.ActiveCfg = Release|Any CPU
		{5EC6A323-A417-46BF-9B36-E4E702973A0F}.Release|x64.Build.0 = Release|Any CPU
		{5EC6A323-A417-46BF-9B36-E4E702973A0F}.Release|x86.ActiveCfg = Release|Any CPU
		{5EC6A323-A417-46BF-9B36-E4E702973A0F}.Release|x86.Build.0 = Release|Any CPU
	EndGlobalSection
	GlobalSection(SolutionProperties) = preSolution
		HideSolutionNode = FALSE
	EndGlobalSection
	GlobalSection(NestedProjects) = preSolution
		{482D33BF-6780-4DED-8E73-B8F1BC334A04} = {4A899E53-A923-4538-88EE-7211253D0712}
		{49C95B2F-42BC-4E5F-A32D-58DA02E53AC6} = {8FC2D0AD-10F8-4D2E-AD33-08E3E7616849}
		{3D0563A7-F4EF-43C5-875E-5184D770E81B} = {865ACD6E-84EE-45AC-8015-68DD71B72A57}
		{5EC6A323-A417-46BF-9B36-E4E702973A0F} = {8711EF12-E91E-42FA-BF30-FD3B4FC50D80}
	EndGlobalSection
	GlobalSection(ExtensibilityGlobals) = postSolution
		SolutionGuid = {4A606C1C-F939-4204-A2F3-FA183592108E}
	EndGlobalSection
EndGlobal
