
Microsoft Visual Studio Solution File, Format Version 12.00
# Visual Studio Version 16
VisualStudioVersion = 16.0.29613.14
MinimumVisualStudioVersion = 10.0.40219.1
Project("{2150E333-8FDC-42A3-9474-1A3956D46DE8}") = "Components", "Components", "{8FC2D0AD-10F8-4D2E-AD33-08E3E7616849}"
EndProject
Project("{2150E333-8FDC-42A3-9474-1A3956D46DE8}") = "Api", "Api", "{4A899E53-A923-4538-88EE-7211253D0712}"
EndProject
Project("{2150E333-8FDC-42A3-9474-1A3956D46DE8}") = "Tests", "Tests", "{865ACD6E-84EE-45AC-8015-68DD71B72A57}"
EndProject
Project("{9A19103F-16F7-4668-BE54-9A1E7A4F7556}") = "TransactionManager.Tests.Unit", "FileManager.Tests.Unit\TransactionManager.Tests.Unit.csproj", "{37760134-2F7E-4181-A69F-137D82868576}"
EndProject
Project("{9A19103F-16F7-4668-BE54-9A1E7A4F7556}") = "TransactionManager.DAL", "FileManager.DAL\TransactionManager.DAL.csproj", "{8AC0D082-C1FB-4339-B1A1-866F513909C3}"
EndProject
Project("{9A19103F-16F7-4668-BE54-9A1E7A4F7556}") = "TransactionManager.Api", "FileManager.Api\TransactionManager.Api.csproj", "{22D5319D-426A-47A9-A6E1-CA9E04CC5947}"
EndProject
Project("{9A19103F-16F7-4668-BE54-9A1E7A4F7556}") = "TransactionManager.Components", "FileManager.Components\TransactionManager.Components.csproj", "{2D3A89A1-A4CD-4501-B027-73EFDA2F3B96}"
EndProject
Global
	GlobalSection(SolutionConfigurationPlatforms) = preSolution
		Debug|Any CPU = Debug|Any CPU
		Debug|ARM = Debug|ARM
		Debug|ARM64 = Debug|ARM64
		Debug|x64 = Debug|x64
		Debug|x86 = Debug|x86
		Release|Any CPU = Release|Any CPU
		Release|ARM = Release|ARM
		Release|ARM64 = Release|ARM64
		Release|x64 = Release|x64
		Release|x86 = Release|x86
	EndGlobalSection
	GlobalSection(ProjectConfigurationPlatforms) = postSolution
		{37760134-2F7E-4181-A69F-137D82868576}.Debug|Any CPU.ActiveCfg = Debug|Any CPU
		{37760134-2F7E-4181-A69F-137D82868576}.Debug|Any CPU.Build.0 = Debug|Any CPU
		{37760134-2F7E-4181-A69F-137D82868576}.Debug|ARM.ActiveCfg = Debug|Any CPU
		{37760134-2F7E-4181-A69F-137D82868576}.Debug|ARM.Build.0 = Debug|Any CPU
		{37760134-2F7E-4181-A69F-137D82868576}.Debug|ARM64.ActiveCfg = Debug|Any CPU
		{37760134-2F7E-4181-A69F-137D82868576}.Debug|ARM64.Build.0 = Debug|Any CPU
		{37760134-2F7E-4181-A69F-137D82868576}.Debug|x64.ActiveCfg = Debug|Any CPU
		{37760134-2F7E-4181-A69F-137D82868576}.Debug|x64.Build.0 = Debug|Any CPU
		{37760134-2F7E-4181-A69F-137D82868576}.Debug|x86.ActiveCfg = Debug|Any CPU
		{37760134-2F7E-4181-A69F-137D82868576}.Debug|x86.Build.0 = Debug|Any CPU
		{37760134-2F7E-4181-A69F-137D82868576}.Release|Any CPU.ActiveCfg = Release|Any CPU
		{37760134-2F7E-4181-A69F-137D82868576}.Release|Any CPU.Build.0 = Release|Any CPU
		{37760134-2F7E-4181-A69F-137D82868576}.Release|ARM.ActiveCfg = Release|Any CPU
		{37760134-2F7E-4181-A69F-137D82868576}.Release|ARM.Build.0 = Release|Any CPU
		{37760134-2F7E-4181-A69F-137D82868576}.Release|ARM64.ActiveCfg = Release|Any CPU
		{37760134-2F7E-4181-A69F-137D82868576}.Release|ARM64.Build.0 = Release|Any CPU
		{37760134-2F7E-4181-A69F-137D82868576}.Release|x64.ActiveCfg = Release|Any CPU
		{37760134-2F7E-4181-A69F-137D82868576}.Release|x64.Build.0 = Release|Any CPU
		{37760134-2F7E-4181-A69F-137D82868576}.Release|x86.ActiveCfg = Release|Any CPU
		{37760134-2F7E-4181-A69F-137D82868576}.Release|x86.Build.0 = Release|Any CPU
		{8AC0D082-C1FB-4339-B1A1-866F513909C3}.Debug|Any CPU.ActiveCfg = Debug|Any CPU
		{8AC0D082-C1FB-4339-B1A1-866F513909C3}.Debug|Any CPU.Build.0 = Debug|Any CPU
		{8AC0D082-C1FB-4339-B1A1-866F513909C3}.Debug|ARM.ActiveCfg = Debug|Any CPU
		{8AC0D082-C1FB-4339-B1A1-866F513909C3}.Debug|ARM.Build.0 = Debug|Any CPU
		{8AC0D082-C1FB-4339-B1A1-866F513909C3}.Debug|ARM64.ActiveCfg = Debug|Any CPU
		{8AC0D082-C1FB-4339-B1A1-866F513909C3}.Debug|ARM64.Build.0 = Debug|Any CPU
		{8AC0D082-C1FB-4339-B1A1-866F513909C3}.Debug|x64.ActiveCfg = Debug|Any CPU
		{8AC0D082-C1FB-4339-B1A1-866F513909C3}.Debug|x64.Build.0 = Debug|Any CPU
		{8AC0D082-C1FB-4339-B1A1-866F513909C3}.Debug|x86.ActiveCfg = Debug|Any CPU
		{8AC0D082-C1FB-4339-B1A1-866F513909C3}.Debug|x86.Build.0 = Debug|Any CPU
		{8AC0D082-C1FB-4339-B1A1-866F513909C3}.Release|Any CPU.ActiveCfg = Release|Any CPU
		{8AC0D082-C1FB-4339-B1A1-866F513909C3}.Release|Any CPU.Build.0 = Release|Any CPU
		{8AC0D082-C1FB-4339-B1A1-866F513909C3}.Release|ARM.ActiveCfg = Release|Any CPU
		{8AC0D082-C1FB-4339-B1A1-866F513909C3}.Release|ARM.Build.0 = Release|Any CPU
		{8AC0D082-C1FB-4339-B1A1-866F513909C3}.Release|ARM64.ActiveCfg = Release|Any CPU
		{8AC0D082-C1FB-4339-B1A1-866F513909C3}.Release|ARM64.Build.0 = Release|Any CPU
		{8AC0D082-C1FB-4339-B1A1-866F513909C3}.Release|x64.ActiveCfg = Release|Any CPU
		{8AC0D082-C1FB-4339-B1A1-866F513909C3}.Release|x64.Build.0 = Release|Any CPU
		{8AC0D082-C1FB-4339-B1A1-866F513909C3}.Release|x86.ActiveCfg = Release|Any CPU
		{8AC0D082-C1FB-4339-B1A1-866F513909C3}.Release|x86.Build.0 = Release|Any CPU
		{22D5319D-426A-47A9-A6E1-CA9E04CC5947}.Debug|Any CPU.ActiveCfg = Debug|Any CPU
		{22D5319D-426A-47A9-A6E1-CA9E04CC5947}.Debug|Any CPU.Build.0 = Debug|Any CPU
		{22D5319D-426A-47A9-A6E1-CA9E04CC5947}.Debug|ARM.ActiveCfg = Debug|Any CPU
		{22D5319D-426A-47A9-A6E1-CA9E04CC5947}.Debug|ARM.Build.0 = Debug|Any CPU
		{22D5319D-426A-47A9-A6E1-CA9E04CC5947}.Debug|ARM64.ActiveCfg = Debug|Any CPU
		{22D5319D-426A-47A9-A6E1-CA9E04CC5947}.Debug|ARM64.Build.0 = Debug|Any CPU
		{22D5319D-426A-47A9-A6E1-CA9E04CC5947}.Debug|x64.ActiveCfg = Debug|Any CPU
		{22D5319D-426A-47A9-A6E1-CA9E04CC5947}.Debug|x64.Build.0 = Debug|Any CPU
		{22D5319D-426A-47A9-A6E1-CA9E04CC5947}.Debug|x86.ActiveCfg = Debug|Any CPU
		{22D5319D-426A-47A9-A6E1-CA9E04CC5947}.Debug|x86.Build.0 = Debug|Any CPU
		{22D5319D-426A-47A9-A6E1-CA9E04CC5947}.Release|Any CPU.ActiveCfg = Release|Any CPU
		{22D5319D-426A-47A9-A6E1-CA9E04CC5947}.Release|Any CPU.Build.0 = Release|Any CPU
		{22D5319D-426A-47A9-A6E1-CA9E04CC5947}.Release|ARM.ActiveCfg = Release|Any CPU
		{22D5319D-426A-47A9-A6E1-CA9E04CC5947}.Release|ARM.Build.0 = Release|Any CPU
		{22D5319D-426A-47A9-A6E1-CA9E04CC5947}.Release|ARM64.ActiveCfg = Release|Any CPU
		{22D5319D-426A-47A9-A6E1-CA9E04CC5947}.Release|ARM64.Build.0 = Release|Any CPU
		{22D5319D-426A-47A9-A6E1-CA9E04CC5947}.Release|x64.ActiveCfg = Release|Any CPU
		{22D5319D-426A-47A9-A6E1-CA9E04CC5947}.Release|x64.Build.0 = Release|Any CPU
		{22D5319D-426A-47A9-A6E1-CA9E04CC5947}.Release|x86.ActiveCfg = Release|Any CPU
		{22D5319D-426A-47A9-A6E1-CA9E04CC5947}.Release|x86.Build.0 = Release|Any CPU
		{2D3A89A1-A4CD-4501-B027-73EFDA2F3B96}.Debug|Any CPU.ActiveCfg = Debug|Any CPU
		{2D3A89A1-A4CD-4501-B027-73EFDA2F3B96}.Debug|Any CPU.Build.0 = Debug|Any CPU
		{2D3A89A1-A4CD-4501-B027-73EFDA2F3B96}.Debug|ARM.ActiveCfg = Debug|Any CPU
		{2D3A89A1-A4CD-4501-B027-73EFDA2F3B96}.Debug|ARM.Build.0 = Debug|Any CPU
		{2D3A89A1-A4CD-4501-B027-73EFDA2F3B96}.Debug|ARM64.ActiveCfg = Debug|Any CPU
		{2D3A89A1-A4CD-4501-B027-73EFDA2F3B96}.Debug|ARM64.Build.0 = Debug|Any CPU
		{2D3A89A1-A4CD-4501-B027-73EFDA2F3B96}.Debug|x64.ActiveCfg = Debug|Any CPU
		{2D3A89A1-A4CD-4501-B027-73EFDA2F3B96}.Debug|x64.Build.0 = Debug|Any CPU
		{2D3A89A1-A4CD-4501-B027-73EFDA2F3B96}.Debug|x86.ActiveCfg = Debug|Any CPU
		{2D3A89A1-A4CD-4501-B027-73EFDA2F3B96}.Debug|x86.Build.0 = Debug|Any CPU
		{2D3A89A1-A4CD-4501-B027-73EFDA2F3B96}.Release|Any CPU.ActiveCfg = Release|Any CPU
		{2D3A89A1-A4CD-4501-B027-73EFDA2F3B96}.Release|Any CPU.Build.0 = Release|Any CPU
		{2D3A89A1-A4CD-4501-B027-73EFDA2F3B96}.Release|ARM.ActiveCfg = Release|Any CPU
		{2D3A89A1-A4CD-4501-B027-73EFDA2F3B96}.Release|ARM.Build.0 = Release|Any CPU
		{2D3A89A1-A4CD-4501-B027-73EFDA2F3B96}.Release|ARM64.ActiveCfg = Release|Any CPU
		{2D3A89A1-A4CD-4501-B027-73EFDA2F3B96}.Release|ARM64.Build.0 = Release|Any CPU
		{2D3A89A1-A4CD-4501-B027-73EFDA2F3B96}.Release|x64.ActiveCfg = Release|Any CPU
		{2D3A89A1-A4CD-4501-B027-73EFDA2F3B96}.Release|x64.Build.0 = Release|Any CPU
		{2D3A89A1-A4CD-4501-B027-73EFDA2F3B96}.Release|x86.ActiveCfg = Release|Any CPU
		{2D3A89A1-A4CD-4501-B027-73EFDA2F3B96}.Release|x86.Build.0 = Release|Any CPU
	EndGlobalSection
	GlobalSection(SolutionProperties) = preSolution
		HideSolutionNode = FALSE
	EndGlobalSection
	GlobalSection(NestedProjects) = preSolution
		{37760134-2F7E-4181-A69F-137D82868576} = {865ACD6E-84EE-45AC-8015-68DD71B72A57}
		{8AC0D082-C1FB-4339-B1A1-866F513909C3} = {8FC2D0AD-10F8-4D2E-AD33-08E3E7616849}
		{22D5319D-426A-47A9-A6E1-CA9E04CC5947} = {4A899E53-A923-4538-88EE-7211253D0712}
		{2D3A89A1-A4CD-4501-B027-73EFDA2F3B96} = {8FC2D0AD-10F8-4D2E-AD33-08E3E7616849}
	EndGlobalSection
	GlobalSection(ExtensibilityGlobals) = postSolution
		SolutionGuid = {4A606C1C-F939-4204-A2F3-FA183592108E}
	EndGlobalSection
EndGlobal
